
Microsoft Visual Studio Solution File, Format Version 12.00
# Visual Studio Version 17
VisualStudioVersion = 17.0.32014.148
MinimumVisualStudioVersion = 10.0.40219.1
Project("{8BC9CEB8-8B4A-11D0-8D11-00A0C91BC942}") = "C++ Zadatak s 10. labosa", "C++ Zadatak s 10. labosa\C++ Zadatak s 10. labosa.vcxproj", "{485F2F99-579A-4220-8254-A2CC4C9A9FA6}"
EndProject
Global
	GlobalSection(SolutionConfigurationPlatforms) = preSolution
		Debug|x64 = Debug|x64
		Debug|x86 = Debug|x86
		Release|x64 = Release|x64
		Release|x86 = Release|x86
	EndGlobalSection
	GlobalSection(ProjectConfigurationPlatforms) = postSolution
		{485F2F99-579A-4220-8254-A2CC4C9A9FA6}.Debug|x64.ActiveCfg = Debug|x64
		{485F2F99-579A-4220-8254-A2CC4C9A9FA6}.Debug|x64.Build.0 = Debug|x64
		{485F2F99-579A-4220-8254-A2CC4C9A9FA6}.Debug|x86.ActiveCfg = Debug|Win32
		{485F2F99-579A-4220-8254-A2CC4C9A9FA6}.Debug|x86.Build.0 = Debug|Win32
		{485F2F99-579A-4220-8254-A2CC4C9A9FA6}.Release|x64.ActiveCfg = Release|x64
		{485F2F99-579A-4220-8254-A2CC4C9A9FA6}.Release|x64.Build.0 = Release|x64
		{485F2F99-579A-4220-8254-A2CC4C9A9FA6}.Release|x86.ActiveCfg = Release|Win32
		{485F2F99-579A-4220-8254-A2CC4C9A9FA6}.Release|x86.Build.0 = Release|Win32
	EndGlobalSection
	GlobalSection(SolutionProperties) = preSolution
		HideSolutionNode = FALSE
	EndGlobalSection
	GlobalSection(ExtensibilityGlobals) = postSolution
		SolutionGuid = {FB5FD16C-2B70-49F4-AA32-E518737888E5}
	EndGlobalSection
EndGlobal
